
Microsoft Visual Studio Solution File, Format Version 12.00
# Visual Studio 2012
Project("{8BC9CEB8-8B4A-11D0-8D11-00A0C91BC942}") = "vhLib", "vhLib\vhLib.vcxproj", "{13C5F3CB-25A8-4BDA-A514-3D55CF27A96B}"
EndProject
Global
	GlobalSection(SolutionConfigurationPlatforms) = preSolution
		Debug|Win32 = Debug|Win32
		Release|Win32 = Release|Win32
	EndGlobalSection
	GlobalSection(ProjectConfigurationPlatforms) = postSolution
		{13C5F3CB-25A8-4BDA-A514-3D55CF27A96B}.Debug|Win32.ActiveCfg = Debug|Win32
		{13C5F3CB-25A8-4BDA-A514-3D55CF27A96B}.Debug|Win32.Build.0 = Debug|Win32
		{13C5F3CB-25A8-4BDA-A514-3D55CF27A96B}.Release|Win32.ActiveCfg = Release|Win32
		{13C5F3CB-25A8-4BDA-A514-3D55CF27A96B}.Release|Win32.Build.0 = Release|Win32
	EndGlobalSection
	GlobalSection(SolutionProperties) = preSolution
		HideSolutionNode = FALSE
	EndGlobalSection
EndGlobal
