<?xml version="1.0" encoding="utf-8"?>
<Project ToolsVersion="4.0" xmlns="http://schemas.microsoft.com/developer/msbuild/2003">
  <ItemGroup>
    <Filter Include="Source Files">
      <UniqueIdentifier>{4FC737F1-C7A5-4376-A066-2A32D752A2FF}</UniqueIdentifier>
      <Extensions>cpp;c;cc;cxx;def;odl;idl;hpj;bat;asm;asmx</Extensions>
    </Filter>
    <Filter Include="Header Files">
      <UniqueIdentifier>{93995380-89BD-4b04-88EB-625FBE52EBFB}</UniqueIdentifier>
      <Extensions>h;hpp;hxx;hm;inl;inc;xsd</Extensions>
    </Filter>
    <Filter Include="Resource Files">
      <UniqueIdentifier>{67DA6AB6-F800-4c08-8B7A-83BB121AAD01}</UniqueIdentifier>
      <Extensions>rc;ico;cur;bmp;dlg;rc2;rct;bin;rgs;gif;jpg;jpeg;jpe;resx;tiff;tif;png;wav;mfcribbon-ms</Extensions>
    </Filter>
    <Filter Include="Source Files\sourcehook">
      <UniqueIdentifier>{23bab37a-ef22-4136-9441-a307efef4dbe}</UniqueIdentifier>
    </Filter>
    <Filter Include="Source Files\sigscan">
      <UniqueIdentifier>{c646e31f-a23e-40be-9b56-4f570082329c}</UniqueIdentifier>
    </Filter>
    <Filter Include="Header Files\sigscan">
      <UniqueIdentifier>{a5a8fbb4-b688-4f20-90ca-0cec4bab38a1}</UniqueIdentifier>
    </Filter>
    <Filter Include="Source Files\dota">
      <UniqueIdentifier>{d13f12cb-15cc-46f0-bc53-f99696a31909}</UniqueIdentifier>
    </Filter>
    <Filter Include="Header Files\dota">
      <UniqueIdentifier>{77523d75-a5d8-4f21-b6f5-8ad9293708f8}</UniqueIdentifier>
    </Filter>
    <Filter Include="Source Files\utils">
      <UniqueIdentifier>{3c85e22f-d8ee-4ead-bb9a-72320b927fca}</UniqueIdentifier>
    </Filter>
    <Filter Include="Header Files\utils">
      <UniqueIdentifier>{953cded2-a0b1-46b7-8e8c-0b882bd376a2}</UniqueIdentifier>
    </Filter>
  </ItemGroup>
  <ItemGroup>
    <ClCompile Include="main.cpp">
      <Filter>Source Files</Filter>
    </ClCompile>
    <ClCompile Include="zeusmanager.cpp">
      <Filter>Source Files</Filter>
    </ClCompile>
    <ClCompile Include="vh.cpp">
      <Filter>Source Files</Filter>
    </ClCompile>
    <ClCompile Include="..\..\..\SourceMod\mmsource-1.10\core\sourcehook\sourcehook.cpp">
      <Filter>Source Files\sourcehook</Filter>
    </ClCompile>
    <ClCompile Include="..\..\..\SourceMod\mmsource-1.10\core\sourcehook\sourcehook_impl_chookidman.cpp">
      <Filter>Source Files\sourcehook</Filter>
    </ClCompile>
    <ClCompile Include="..\..\..\SourceMod\mmsource-1.10\core\sourcehook\sourcehook_hookmangen.cpp">
      <Filter>Source Files\sourcehook</Filter>
    </ClCompile>
    <ClCompile Include="..\..\..\SourceMod\mmsource-1.10\core\sourcehook\sourcehook_impl_chookmaninfo.cpp">
      <Filter>Source Files\sourcehook</Filter>
    </ClCompile>
    <ClCompile Include="..\..\..\SourceMod\mmsource-1.10\core\sourcehook\sourcehook_impl_cproto.cpp">
      <Filter>Source Files\sourcehook</Filter>
    </ClCompile>
    <ClCompile Include="..\..\..\SourceMod\mmsource-1.10\core\sourcehook\sourcehook_impl_cvfnptr.cpp">
      <Filter>Source Files\sourcehook</Filter>
    </ClCompile>
    <ClCompile Include="dota\dotaability.cpp">
      <Filter>Source Files\dota</Filter>
    </ClCompile>
    <ClCompile Include="dota\dotaentity.cpp">
      <Filter>Source Files\dota</Filter>
    </ClCompile>
    <ClCompile Include="dota\dotahero.cpp">
      <Filter>Source Files\dota</Filter>
    </ClCompile>
    <ClCompile Include="dota\dotaplayer.cpp">
      <Filter>Source Files\dota</Filter>
    </ClCompile>
    <ClCompile Include="dota\dotaresource.cpp">
      <Filter>Source Files\dota</Filter>
    </ClCompile>
    <ClCompile Include="sigscan\bytescanner.cpp">
      <Filter>Source Files\sigscan</Filter>
    </ClCompile>
    <ClCompile Include="utils\entityhelper.cpp">
      <Filter>Source Files\utils</Filter>
    </ClCompile>
    <ClCompile Include="dota\dotagamerules.cpp">
      <Filter>Source Files\dota</Filter>
    </ClCompile>
    <ClCompile Include="dota\dotaitem.cpp">
      <Filter>Source Files\dota</Filter>
    </ClCompile>
  </ItemGroup>
  <ItemGroup>
    <ClInclude Include="zeusmanager.h">
      <Filter>Header Files</Filter>
    </ClInclude>
    <ClInclude Include="vh.h">
      <Filter>Header Files</Filter>
    </ClInclude>
    <ClInclude Include="dota\dota_consts.h">
      <Filter>Header Files\dota</Filter>
    </ClInclude>
    <ClInclude Include="dota\dotaability.h">
      <Filter>Header Files\dota</Filter>
    </ClInclude>
    <ClInclude Include="dota\dotaentity.h">
      <Filter>Header Files\dota</Filter>
    </ClInclude>
    <ClInclude Include="dota\dotahero.h">
      <Filter>Header Files\dota</Filter>
    </ClInclude>
    <ClInclude Include="dota\dotaplayer.h">
      <Filter>Header Files\dota</Filter>
    </ClInclude>
    <ClInclude Include="dota\dotaresource.h">
      <Filter>Header Files\dota</Filter>
    </ClInclude>
    <ClInclude Include="sigscan\bytescanner.h">
      <Filter>Header Files\sigscan</Filter>
    </ClInclude>
    <ClInclude Include="utils\entityhelper.h">
      <Filter>Header Files\utils</Filter>
    </ClInclude>
    <ClInclude Include="utils\entprop.h">
      <Filter>Header Files\utils</Filter>
    </ClInclude>
    <ClInclude Include="dota\dotagamerules.h">
      <Filter>Header Files\dota</Filter>
    </ClInclude>
    <ClInclude Include="utils\entmembers.h">
      <Filter>Header Files\utils</Filter>
    </ClInclude>
    <ClInclude Include="utils\entfuncs.h">
      <Filter>Header Files\utils</Filter>
    </ClInclude>
    <ClInclude Include="dota\dotaitem.h">
      <Filter>Header Files\dota</Filter>
    </ClInclude>
  </ItemGroup>
</Project>